
Microsoft Visual Studio Solution File, Format Version 10.00
# Visual Studio 2008
Project("{8BC9CEB8-8B4A-11D0-8D11-00A0C91BC942}") = "logout", "logout\logout.vcproj", "{D1230E50-B183-467C-A2C9-A42940C1F3E9}"
EndProject
Project("{8BC9CEB8-8B4A-11D0-8D11-00A0C91BC942}") = "setup_sync_agent", "setup_sync_agent\setup_sync_agent.vcproj", "{E1E621CA-B3A1-4973-B9C9-3F2CE5D33AD6}"
EndProject
Global
	GlobalSection(SolutionConfigurationPlatforms) = preSolution
		Debug|Win32 = Debug|Win32
		Release|Win32 = Release|Win32
	EndGlobalSection
	GlobalSection(ProjectConfigurationPlatforms) = postSolution
		{D1230E50-B183-467C-A2C9-A42940C1F3E9}.Debug|Win32.ActiveCfg = Debug|Win32
		{D1230E50-B183-467C-A2C9-A42940C1F3E9}.Debug|Win32.Build.0 = Debug|Win32
		{D1230E50-B183-467C-A2C9-A42940C1F3E9}.Release|Win32.ActiveCfg = Release|Win32
		{D1230E50-B183-467C-A2C9-A42940C1F3E9}.Release|Win32.Build.0 = Release|Win32
		{E1E621CA-B3A1-4973-B9C9-3F2CE5D33AD6}.Debug|Win32.ActiveCfg = Debug|Win32
		{E1E621CA-B3A1-4973-B9C9-3F2CE5D33AD6}.Debug|Win32.Build.0 = Debug|Win32
		{E1E621CA-B3A1-4973-B9C9-3F2CE5D33AD6}.Release|Win32.ActiveCfg = Release|Win32
		{E1E621CA-B3A1-4973-B9C9-3F2CE5D33AD6}.Release|Win32.Build.0 = Release|Win32
	EndGlobalSection
	GlobalSection(SolutionProperties) = preSolution
		HideSolutionNode = FALSE
	EndGlobalSection
EndGlobal
